
Microsoft Visual Studio Solution File, Format Version 12.00
# Visual Studio Version 17
VisualStudioVersion = 17.9.34902.65
MinimumVisualStudioVersion = 10.0.40219.1
Project("{9A19103F-16F7-4668-BE54-9A1E7A4F7556}") = "ShopEase_Api", "ShopEase_Api.csproj", "{F46C5A94-0115-4491-A915-B8583E6F725F}"
EndProject
Project("{FAE04EC0-301F-11D3-BF4B-00C04F79EFBC}") = "ShopEase.Common", "..\ShopEase.Common\ShopEase.Common.csproj", "{9554A6DE-9A57-4B86-A55D-B3DCEBD0CE43}"
EndProject
Project("{FAE04EC0-301F-11D3-BF4B-00C04F79EFBC}") = "ShopEase.Data", "..\ShopEase.Data\ShopEase.Data.csproj", "{D8626C93-49FB-45AD-9346-F2325566A7D8}"
EndProject
Project("{FAE04EC0-301F-11D3-BF4B-00C04F79EFBC}") = "ShopEase.Model", "..\ShopEase.Model\ShopEase.Model.csproj", "{BEEE0E8D-4DAB-4FE1-9442-24B27883760C}"
EndProject
Project("{FAE04EC0-301F-11D3-BF4B-00C04F79EFBC}") = "ShopEase.Services", "..\ShopEase.Services\ShopEase.Services.csproj", "{765FFBC2-A084-44A5-A010-D9941FF2A552}"
EndProject
Global
	GlobalSection(SolutionConfigurationPlatforms) = preSolution
		Debug|Any CPU = Debug|Any CPU
		Release|Any CPU = Release|Any CPU
	EndGlobalSection
	GlobalSection(ProjectConfigurationPlatforms) = postSolution
		{F46C5A94-0115-4491-A915-B8583E6F725F}.Debug|Any CPU.ActiveCfg = Debug|Any CPU
		{F46C5A94-0115-4491-A915-B8583E6F725F}.Debug|Any CPU.Build.0 = Debug|Any CPU
		{F46C5A94-0115-4491-A915-B8583E6F725F}.Release|Any CPU.ActiveCfg = Release|Any CPU
		{F46C5A94-0115-4491-A915-B8583E6F725F}.Release|Any CPU.Build.0 = Release|Any CPU
		{9554A6DE-9A57-4B86-A55D-B3DCEBD0CE43}.Debug|Any CPU.ActiveCfg = Debug|Any CPU
		{9554A6DE-9A57-4B86-A55D-B3DCEBD0CE43}.Debug|Any CPU.Build.0 = Debug|Any CPU
		{9554A6DE-9A57-4B86-A55D-B3DCEBD0CE43}.Release|Any CPU.ActiveCfg = Release|Any CPU
		{9554A6DE-9A57-4B86-A55D-B3DCEBD0CE43}.Release|Any CPU.Build.0 = Release|Any CPU
		{D8626C93-49FB-45AD-9346-F2325566A7D8}.Debug|Any CPU.ActiveCfg = Debug|Any CPU
		{D8626C93-49FB-45AD-9346-F2325566A7D8}.Debug|Any CPU.Build.0 = Debug|Any CPU
		{D8626C93-49FB-45AD-9346-F2325566A7D8}.Release|Any CPU.ActiveCfg = Release|Any CPU
		{D8626C93-49FB-45AD-9346-F2325566A7D8}.Release|Any CPU.Build.0 = Release|Any CPU
		{BEEE0E8D-4DAB-4FE1-9442-24B27883760C}.Debug|Any CPU.ActiveCfg = Debug|Any CPU
		{BEEE0E8D-4DAB-4FE1-9442-24B27883760C}.Debug|Any CPU.Build.0 = Debug|Any CPU
		{BEEE0E8D-4DAB-4FE1-9442-24B27883760C}.Release|Any CPU.ActiveCfg = Release|Any CPU
		{BEEE0E8D-4DAB-4FE1-9442-24B27883760C}.Release|Any CPU.Build.0 = Release|Any CPU
		{765FFBC2-A084-44A5-A010-D9941FF2A552}.Debug|Any CPU.ActiveCfg = Debug|Any CPU
		{765FFBC2-A084-44A5-A010-D9941FF2A552}.Debug|Any CPU.Build.0 = Debug|Any CPU
		{765FFBC2-A084-44A5-A010-D9941FF2A552}.Release|Any CPU.ActiveCfg = Release|Any CPU
		{765FFBC2-A084-44A5-A010-D9941FF2A552}.Release|Any CPU.Build.0 = Release|Any CPU
	EndGlobalSection
	GlobalSection(SolutionProperties) = preSolution
		HideSolutionNode = FALSE
	EndGlobalSection
	GlobalSection(ExtensibilityGlobals) = postSolution
		SolutionGuid = {8C3858E1-3D20-4E97-B268-DC01D7A1A052}
	EndGlobalSection
EndGlobal
